<?xml version="1.0" encoding="utf-8"?>
<Project ToolsVersion="4.0" xmlns="http://schemas.microsoft.com/developer/msbuild/2003">
  <ItemGroup>
    <Filter Include="soccer">
      <UniqueIdentifier>{693558d6-16b4-4bcb-be0d-661cf9a1e4cd}</UniqueIdentifier>
    </Filter>
    <Filter Include="math">
      <UniqueIdentifier>{186106c9-edc2-4a48-a953-ee87996af03a}</UniqueIdentifier>
    </Filter>
    <Filter Include="geom">
      <UniqueIdentifier>{f0436eba-46de-46f5-8100-7586b672bb75}</UniqueIdentifier>
    </Filter>
    <Filter Include="obj">
      <UniqueIdentifier>{f09ad35c-4eab-4f5c-8b31-374d01a7b6c0}</UniqueIdentifier>
    </Filter>
    <Filter Include="util">
      <UniqueIdentifier>{bb4bff2a-fe33-4b8e-961a-1a930b3ffe2b}</UniqueIdentifier>
    </Filter>
  </ItemGroup>
  <ItemGroup>
    <ClInclude Include="..\..\src\haribote\soccer\World.h">
      <Filter>soccer</Filter>
    </ClInclude>
    <ClInclude Include="..\..\src\haribote\soccer\Field.h">
      <Filter>soccer</Filter>
    </ClInclude>
    <ClInclude Include="..\..\src\haribote\math\MatrixUtils.h">
      <Filter>math</Filter>
    </ClInclude>
    <ClInclude Include="..\..\src\haribote\soccer\Ball.h">
      <Filter>soccer</Filter>
    </ClInclude>
    <ClInclude Include="..\..\src\haribote\geom\Camera.h">
      <Filter>geom</Filter>
    </ClInclude>
    <ClInclude Include="..\..\src\haribote\geom\GraphicsUtils.h">
      <Filter>geom</Filter>
    </ClInclude>
    <ClInclude Include="..\..\src\haribote\geom\ODEUtils.h">
      <Filter>geom</Filter>
    </ClInclude>
    <ClInclude Include="..\..\src\haribote\obj\BoxObject.h">
      <Filter>obj</Filter>
    </ClInclude>
    <ClInclude Include="..\..\src\haribote\geom\Box.h">
      <Filter>geom</Filter>
    </ClInclude>
    <ClInclude Include="..\..\src\haribote\geom\Geom.h">
      <Filter>geom</Filter>
    </ClInclude>
    <ClInclude Include="..\..\src\haribote\geom\Sphere.h">
      <Filter>geom</Filter>
    </ClInclude>
    <ClInclude Include="..\..\src\haribote\geom\Mesh.h">
      <Filter>geom</Filter>
    </ClInclude>
    <ClInclude Include="..\..\src\haribote\geom\TriMeshData.h">
      <Filter>geom</Filter>
    </ClInclude>
    <ClInclude Include="..\..\src\haribote\geom\MeshLoader.h">
      <Filter>geom</Filter>
    </ClInclude>
    <ClInclude Include="..\..\src\haribote\util\Json.h">
      <Filter>util</Filter>
    </ClInclude>
    <ClInclude Include="..\..\src\haribote\util\Value.h">
      <Filter>util</Filter>
    </ClInclude>
    <ClInclude Include="..\..\src\haribote\geom\Light.h">
      <Filter>geom</Filter>
    </ClInclude>
  </ItemGroup>
  <ItemGroup>
    <ClCompile Include="..\..\src\haribote\soccer\World.cpp">
      <Filter>soccer</Filter>
    </ClCompile>
    <ClCompile Include="..\..\src\haribote\soccer\Field.cpp">
      <Filter>soccer</Filter>
    </ClCompile>
    <ClCompile Include="..\..\src\haribote\soccer\Ball.cpp">
      <Filter>soccer</Filter>
    </ClCompile>
    <ClCompile Include="..\..\src\haribote\geom\Camera.cpp">
      <Filter>geom</Filter>
    </ClCompile>
    <ClCompile Include="..\..\src\haribote\geom\GraphicsUtils.cpp">
      <Filter>geom</Filter>
    </ClCompile>
    <ClCompile Include="..\..\src\haribote\geom\ODEUtils.cpp">
      <Filter>geom</Filter>
    </ClCompile>
    <ClCompile Include="..\..\src\haribote\obj\BoxObject.cpp">
      <Filter>obj</Filter>
    </ClCompile>
    <ClCompile Include="..\..\src\haribote\geom\Box.cpp">
      <Filter>geom</Filter>
    </ClCompile>
    <ClCompile Include="..\..\src\haribote\geom\Sphere.cpp">
      <Filter>geom</Filter>
    </ClCompile>
    <ClCompile Include="..\..\src\haribote\geom\Mesh.cpp">
      <Filter>geom</Filter>
    </ClCompile>
    <ClCompile Include="..\..\src\haribote\geom\MeshLoader.cpp">
      <Filter>geom</Filter>
    </ClCompile>
    <ClCompile Include="..\..\src\haribote\util\Json.cpp">
      <Filter>util</Filter>
    </ClCompile>
    <ClCompile Include="..\..\src\haribote\util\Value.cpp">
      <Filter>util</Filter>
    </ClCompile>
    <ClCompile Include="..\..\src\haribote\geom\TriMeshData.cpp">
      <Filter>geom</Filter>
    </ClCompile>
  </ItemGroup>
</Project>